<Solution>
  <Folder Name="/Solution Items/">
    <File Path="../.dockerignore" />
    <File Path="../.gitattributes" />
    <File Path="../.gitignore" />
    <File Path="../docker-compose.yml" />
    <File Path="../README.md" />
    <File Path=".dockerignore" />
    <File Path=".editorconfig" />
    <File Path="Directory.Build.props" />
    <File Path="Dockerfile" />
    <File Path="dotnet-tools.json" />
    <File Path="NuGet.Config" />
  </Folder>
  <Folder Name="/src/">
    <Project Path="src/Template.Api/Template.Api.csproj" />
    <Project Path="src/Template.Application/Template.Application.csproj" />
    <Project Path="src/Template.Domain/Template.Domain.csproj" />
    <Project Path="src/Template.Infrastructure/Template.Infrastructure.csproj" />
  </Folder>
  <Folder Name="/tests/">
    <Project Path="tests/Template.Tests/Template.Tests.csproj" />
  </Folder>
</Solution>
